
Microsoft Visual Studio Solution File, Format Version 12.00
# Visual Studio Version 16
VisualStudioVersion = 16.0.32126.315
MinimumVisualStudioVersion = 10.0.40219.1
Project("{9A19103F-16F7-4668-BE54-9A1E7A4F7556}") = "siteibs", "siteibs.csproj", "{0D280779-D539-4E31-B51E-3CC76E6CF0A7}"
EndProject
Project("{2150E333-8FDC-42A3-9474-1A3956D46DE8}") = "NewFolder1", "NewFolder1", "{ECDF45CC-4AB2-499A-80C3-954EE2A37695}"
	ProjectSection(SolutionItems) = preProject
		..\genetrix\Web.config = ..\genetrix\Web.config
	EndProjectSection
EndProject
Global
	GlobalSection(SolutionConfigurationPlatforms) = preSolution
		Debug|Any CPU = Debug|Any CPU
		Release|Any CPU = Release|Any CPU
	EndGlobalSection
	GlobalSection(ProjectConfigurationPlatforms) = postSolution
		{0D280779-D539-4E31-B51E-3CC76E6CF0A7}.Debug|Any CPU.ActiveCfg = Debug|Any CPU
		{0D280779-D539-4E31-B51E-3CC76E6CF0A7}.Debug|Any CPU.Build.0 = Debug|Any CPU
		{0D280779-D539-4E31-B51E-3CC76E6CF0A7}.Release|Any CPU.ActiveCfg = Release|Any CPU
		{0D280779-D539-4E31-B51E-3CC76E6CF0A7}.Release|Any CPU.Build.0 = Release|Any CPU
	EndGlobalSection
	GlobalSection(SolutionProperties) = preSolution
		HideSolutionNode = FALSE
	EndGlobalSection
	GlobalSection(ExtensibilityGlobals) = postSolution
		SolutionGuid = {DB6FC6AD-E643-4EB0-8744-AC1A65BEAC46}
	EndGlobalSection
EndGlobal
